
Microsoft Visual Studio Solution File, Format Version 12.00
# Visual Studio Version 17
VisualStudioVersion = 17.13.35818.85 d17.13
MinimumVisualStudioVersion = 10.0.40219.1
Project("{FAE04EC0-301F-11D3-BF4B-00C04F79EFBC}") = "measurement-generator", "measurement-generator.csproj", "{B7DA9326-1C11-41BC-896A-C7D350FBE4CA}"
EndProject
Global
	GlobalSection(SolutionConfigurationPlatforms) = preSolution
		Debug|Any CPU = Debug|Any CPU
		Release|Any CPU = Release|Any CPU
	EndGlobalSection
	GlobalSection(ProjectConfigurationPlatforms) = postSolution
		{B7DA9326-1C11-41BC-896A-C7D350FBE4CA}.Debug|Any CPU.ActiveCfg = Debug|Any CPU
		{B7DA9326-1C11-41BC-896A-C7D350FBE4CA}.Debug|Any CPU.Build.0 = Debug|Any CPU
		{B7DA9326-1C11-41BC-896A-C7D350FBE4CA}.Release|Any CPU.ActiveCfg = Release|Any CPU
		{B7DA9326-1C11-41BC-896A-C7D350FBE4CA}.Release|Any CPU.Build.0 = Release|Any CPU
	EndGlobalSection
	GlobalSection(SolutionProperties) = preSolution
		HideSolutionNode = FALSE
	EndGlobalSection
	GlobalSection(ExtensibilityGlobals) = postSolution
		SolutionGuid = {703EC42A-C956-414F-98AF-D24E7F6180BB}
	EndGlobalSection
EndGlobal
